
Microsoft Visual Studio Solution File, Format Version 12.00
# Visual Studio Version 17
VisualStudioVersion = 17.5.33627.172
MinimumVisualStudioVersion = 10.0.40219.1
Project("{54A90642-561A-4BB1-A94E-469ADEE60C69}") = "angularapp", "angularapp\angularapp.esproj", "{946A7F94-F1B0-4A35-8866-4EF8A4BC6A8C}"
EndProject
Project("{9A19103F-16F7-4668-BE54-9A1E7A4F7556}") = "webapi", "webapi\webapi.csproj", "{C59186DF-03CD-4AA4-A253-2A65CD0FE10C}"
EndProject
Global
	GlobalSection(SolutionConfigurationPlatforms) = preSolution
		Debug|Any CPU = Debug|Any CPU
		Release|Any CPU = Release|Any CPU
	EndGlobalSection
	GlobalSection(ProjectConfigurationPlatforms) = postSolution
		{946A7F94-F1B0-4A35-8866-4EF8A4BC6A8C}.Debug|Any CPU.ActiveCfg = Debug|Any CPU
		{946A7F94-F1B0-4A35-8866-4EF8A4BC6A8C}.Debug|Any CPU.Build.0 = Debug|Any CPU
		{946A7F94-F1B0-4A35-8866-4EF8A4BC6A8C}.Debug|Any CPU.Deploy.0 = Debug|Any CPU
		{946A7F94-F1B0-4A35-8866-4EF8A4BC6A8C}.Release|Any CPU.ActiveCfg = Release|Any CPU
		{946A7F94-F1B0-4A35-8866-4EF8A4BC6A8C}.Release|Any CPU.Build.0 = Release|Any CPU
		{946A7F94-F1B0-4A35-8866-4EF8A4BC6A8C}.Release|Any CPU.Deploy.0 = Release|Any CPU
		{C59186DF-03CD-4AA4-A253-2A65CD0FE10C}.Debug|Any CPU.ActiveCfg = Debug|Any CPU
		{C59186DF-03CD-4AA4-A253-2A65CD0FE10C}.Debug|Any CPU.Build.0 = Debug|Any CPU
		{C59186DF-03CD-4AA4-A253-2A65CD0FE10C}.Release|Any CPU.ActiveCfg = Release|Any CPU
		{C59186DF-03CD-4AA4-A253-2A65CD0FE10C}.Release|Any CPU.Build.0 = Release|Any CPU
	EndGlobalSection
	GlobalSection(SolutionProperties) = preSolution
		HideSolutionNode = FALSE
	EndGlobalSection
	GlobalSection(ExtensibilityGlobals) = postSolution
		SolutionGuid = {060AFC12-FC1C-4BEC-90F4-7FEB671B51B7}
	EndGlobalSection
EndGlobal
